
Microsoft Visual Studio Solution File, Format Version 12.00
# Visual Studio Version 17
VisualStudioVersion = 17.3.32811.315
MinimumVisualStudioVersion = 10.0.40219.1
Project("{FAE04EC0-301F-11D3-BF4B-00C04F79EFBC}") = "MySaaSProject", "MySaaSProject\MySaaSProject.csproj", "{AD56BD84-ED64-410F-976F-653518FE48E5}"
EndProject
Global
	GlobalSection(SolutionConfigurationPlatforms) = preSolution
		Debug|Any CPU = Debug|Any CPU
		Release|Any CPU = Release|Any CPU
	EndGlobalSection
	GlobalSection(ProjectConfigurationPlatforms) = postSolution
		{AD56BD84-ED64-410F-976F-653518FE48E5}.Debug|Any CPU.ActiveCfg = Debug|Any CPU
		{AD56BD84-ED64-410F-976F-653518FE48E5}.Debug|Any CPU.Build.0 = Debug|Any CPU
		{AD56BD84-ED64-410F-976F-653518FE48E5}.Release|Any CPU.ActiveCfg = Release|Any CPU
		{AD56BD84-ED64-410F-976F-653518FE48E5}.Release|Any CPU.Build.0 = Release|Any CPU
	EndGlobalSection
	GlobalSection(SolutionProperties) = preSolution
		HideSolutionNode = FALSE
	EndGlobalSection
	GlobalSection(ExtensibilityGlobals) = postSolution
		SolutionGuid = {7BEDC2F1-5E87-4C4E-854A-416F0B346FDF}
	EndGlobalSection
EndGlobal
